{
    "name": "tz-bridge-rs",
    "requires": true,
    "lockfileVersion": 1,
    "dependencies": {
        "@openapitools/openapi-generator-cli": {
            "version": "0.0.17-4.1.1",
            "resolved": "https://registry.npmjs.org/@openapitools/openapi-generator-cli/-/openapi-generator-cli-0.0.17-4.1.1.tgz",
            "integrity": "sha512-XUkXBJx5KY6v3Q2+vBvEzDLF1VoywiM61FB50UDkWq3JxXwif56ugK6xaKH8+SB092JKi881CnK0S9+KyhtcSA=="
        }
    }
}
